
Microsoft Visual Studio Solution File, Format Version 12.00
# Visual Studio 15
VisualStudioVersion = 15.0.28307.438
MinimumVisualStudioVersion = 10.0.40219.1
Project("{2150E333-8FDC-42A3-9474-1A3956D46DE8}") = "GameSessionEstablishment", "GameSessionEstablishment", "{42A6B4CD-A4EA-40EA-9D0C-98C880EF687E}"
EndProject
Project("{2150E333-8FDC-42A3-9474-1A3956D46DE8}") = "Services", "Services", "{7F092981-3635-4F10-B162-EF7D0D03C4A1}"
EndProject
Project("{2150E333-8FDC-42A3-9474-1A3956D46DE8}") = "Client", "Client", "{5B5DCF5A-5DEA-4ECD-929C-FD55570A0197}"
EndProject
Project("{FAE04EC0-301F-11D3-BF4B-00C04F79EFBC}") = "ChessDb", "ChessDb\ChessDb.csproj", "{455ADC61-49E7-4B68-9EC3-83C2039AFA1B}"
EndProject
Project("{FAE04EC0-301F-11D3-BF4B-00C04F79EFBC}") = "GameSessionEstablishmentService", "GameSessionEstablishmentService\GameSessionEstablishmentService.csproj", "{CB54FFDF-AFAE-453A-AA43-F8D30F61FFAD}"
EndProject
Project("{FAE04EC0-301F-11D3-BF4B-00C04F79EFBC}") = "GameSessionEstablishmentHost", "GameSessionEstablishmentHost\GameSessionEstablishmentHost.csproj", "{16EEE258-A87A-4DA9-9451-7EE8BDA42F88}"
EndProject
Project("{FAE04EC0-301F-11D3-BF4B-00C04F79EFBC}") = "ChessClient", "ChessClient\ChessClient.csproj", "{8CB0043D-8AD2-4649-A1E2-8B43DB1C3DD9}"
EndProject
Global
	GlobalSection(SolutionConfigurationPlatforms) = preSolution
		Debug|Any CPU = Debug|Any CPU
		Release|Any CPU = Release|Any CPU
	EndGlobalSection
	GlobalSection(ProjectConfigurationPlatforms) = postSolution
		{455ADC61-49E7-4B68-9EC3-83C2039AFA1B}.Debug|Any CPU.ActiveCfg = Debug|Any CPU
		{455ADC61-49E7-4B68-9EC3-83C2039AFA1B}.Debug|Any CPU.Build.0 = Debug|Any CPU
		{455ADC61-49E7-4B68-9EC3-83C2039AFA1B}.Release|Any CPU.ActiveCfg = Release|Any CPU
		{455ADC61-49E7-4B68-9EC3-83C2039AFA1B}.Release|Any CPU.Build.0 = Release|Any CPU
		{CB54FFDF-AFAE-453A-AA43-F8D30F61FFAD}.Debug|Any CPU.ActiveCfg = Debug|Any CPU
		{CB54FFDF-AFAE-453A-AA43-F8D30F61FFAD}.Debug|Any CPU.Build.0 = Debug|Any CPU
		{CB54FFDF-AFAE-453A-AA43-F8D30F61FFAD}.Release|Any CPU.ActiveCfg = Release|Any CPU
		{CB54FFDF-AFAE-453A-AA43-F8D30F61FFAD}.Release|Any CPU.Build.0 = Release|Any CPU
		{16EEE258-A87A-4DA9-9451-7EE8BDA42F88}.Debug|Any CPU.ActiveCfg = Debug|Any CPU
		{16EEE258-A87A-4DA9-9451-7EE8BDA42F88}.Debug|Any CPU.Build.0 = Debug|Any CPU
		{16EEE258-A87A-4DA9-9451-7EE8BDA42F88}.Release|Any CPU.ActiveCfg = Release|Any CPU
		{16EEE258-A87A-4DA9-9451-7EE8BDA42F88}.Release|Any CPU.Build.0 = Release|Any CPU
		{8CB0043D-8AD2-4649-A1E2-8B43DB1C3DD9}.Debug|Any CPU.ActiveCfg = Debug|Any CPU
		{8CB0043D-8AD2-4649-A1E2-8B43DB1C3DD9}.Debug|Any CPU.Build.0 = Debug|Any CPU
		{8CB0043D-8AD2-4649-A1E2-8B43DB1C3DD9}.Release|Any CPU.ActiveCfg = Release|Any CPU
		{8CB0043D-8AD2-4649-A1E2-8B43DB1C3DD9}.Release|Any CPU.Build.0 = Release|Any CPU
	EndGlobalSection
	GlobalSection(SolutionProperties) = preSolution
		HideSolutionNode = FALSE
	EndGlobalSection
	GlobalSection(NestedProjects) = preSolution
		{42A6B4CD-A4EA-40EA-9D0C-98C880EF687E} = {7F092981-3635-4F10-B162-EF7D0D03C4A1}
		{455ADC61-49E7-4B68-9EC3-83C2039AFA1B} = {42A6B4CD-A4EA-40EA-9D0C-98C880EF687E}
		{CB54FFDF-AFAE-453A-AA43-F8D30F61FFAD} = {42A6B4CD-A4EA-40EA-9D0C-98C880EF687E}
		{16EEE258-A87A-4DA9-9451-7EE8BDA42F88} = {42A6B4CD-A4EA-40EA-9D0C-98C880EF687E}
		{8CB0043D-8AD2-4649-A1E2-8B43DB1C3DD9} = {5B5DCF5A-5DEA-4ECD-929C-FD55570A0197}
	EndGlobalSection
	GlobalSection(ExtensibilityGlobals) = postSolution
		SolutionGuid = {E7935938-E43B-4EC4-AA91-4D841E83FE2B}
	EndGlobalSection
EndGlobal
